
Microsoft Visual Studio Solution File, Format Version 12.00
# Visual Studio 15
VisualStudioVersion = 15.0.28307.438
MinimumVisualStudioVersion = 10.0.40219.1
Project("{8BC9CEB8-8B4A-11D0-8D11-00A0C91BC942}") = "PacManMain", "PacManMain\PacManMain.vcxproj", "{C831E5E8-6835-4D57-8E7E-5BDCBC3F17CC}"
	ProjectSection(ProjectDependencies) = postProject
		{CAA91C01-7E3C-4F6D-A87F-BFA900E6A380} = {CAA91C01-7E3C-4F6D-A87F-BFA900E6A380}
		{7D3C6386-196D-49F8-8D03-D519CF05D447} = {7D3C6386-196D-49F8-8D03-D519CF05D447}
		{CF1BA2A3-CD63-4543-8268-B02FDE2B60F3} = {CF1BA2A3-CD63-4543-8268-B02FDE2B60F3}
	EndProjectSection
EndProject
Project("{8BC9CEB8-8B4A-11D0-8D11-00A0C91BC942}") = "PacManState", "PacManState\PacManState.vcxproj", "{CF1BA2A3-CD63-4543-8268-B02FDE2B60F3}"
EndProject
Project("{8BC9CEB8-8B4A-11D0-8D11-00A0C91BC942}") = "PacManView", "PacManView\PacManView.vcxproj", "{7D3C6386-196D-49F8-8D03-D519CF05D447}"
	ProjectSection(ProjectDependencies) = postProject
		{CF1BA2A3-CD63-4543-8268-B02FDE2B60F3} = {CF1BA2A3-CD63-4543-8268-B02FDE2B60F3}
	EndProjectSection
EndProject
Project("{8BC9CEB8-8B4A-11D0-8D11-00A0C91BC942}") = "PacManController", "PacManController\PacManController.vcxproj", "{CAA91C01-7E3C-4F6D-A87F-BFA900E6A380}"
	ProjectSection(ProjectDependencies) = postProject
		{CF1BA2A3-CD63-4543-8268-B02FDE2B60F3} = {CF1BA2A3-CD63-4543-8268-B02FDE2B60F3}
	EndProjectSection
EndProject
Project("{8BC9CEB8-8B4A-11D0-8D11-00A0C91BC942}") = "PacManState.Test", "PacManState.Test\PacManState.Test.vcxproj", "{0D8419B7-85EE-496D-80B9-BFEE08DE7665}"
EndProject
Project("{8BC9CEB8-8B4A-11D0-8D11-00A0C91BC942}") = "PacManView.Test", "PacManView.Test\PacManView.Test.vcxproj", "{FF9BA597-B63C-4B4A-A433-CB69CC76A252}"
EndProject
Project("{8BC9CEB8-8B4A-11D0-8D11-00A0C91BC942}") = "PacManController.Test", "PacManController.Test\PacManController.Test.vcxproj", "{23A787A5-1479-42EB-B5B2-F91CB2EC5270}"
EndProject
Global
	GlobalSection(SolutionConfigurationPlatforms) = preSolution
		Debug|x64 = Debug|x64
		Debug|x86 = Debug|x86
		Release|x64 = Release|x64
		Release|x86 = Release|x86
	EndGlobalSection
	GlobalSection(ProjectConfigurationPlatforms) = postSolution
		{C831E5E8-6835-4D57-8E7E-5BDCBC3F17CC}.Debug|x64.ActiveCfg = Debug|x64
		{C831E5E8-6835-4D57-8E7E-5BDCBC3F17CC}.Debug|x64.Build.0 = Debug|x64
		{C831E5E8-6835-4D57-8E7E-5BDCBC3F17CC}.Debug|x86.ActiveCfg = Debug|Win32
		{C831E5E8-6835-4D57-8E7E-5BDCBC3F17CC}.Debug|x86.Build.0 = Debug|Win32
		{C831E5E8-6835-4D57-8E7E-5BDCBC3F17CC}.Release|x64.ActiveCfg = Release|x64
		{C831E5E8-6835-4D57-8E7E-5BDCBC3F17CC}.Release|x64.Build.0 = Release|x64
		{C831E5E8-6835-4D57-8E7E-5BDCBC3F17CC}.Release|x86.ActiveCfg = Release|Win32
		{C831E5E8-6835-4D57-8E7E-5BDCBC3F17CC}.Release|x86.Build.0 = Release|Win32
		{CF1BA2A3-CD63-4543-8268-B02FDE2B60F3}.Debug|x64.ActiveCfg = Debug|x64
		{CF1BA2A3-CD63-4543-8268-B02FDE2B60F3}.Debug|x64.Build.0 = Debug|x64
		{CF1BA2A3-CD63-4543-8268-B02FDE2B60F3}.Debug|x86.ActiveCfg = Debug|Win32
		{CF1BA2A3-CD63-4543-8268-B02FDE2B60F3}.Debug|x86.Build.0 = Debug|Win32
		{CF1BA2A3-CD63-4543-8268-B02FDE2B60F3}.Release|x64.ActiveCfg = Release|x64
		{CF1BA2A3-CD63-4543-8268-B02FDE2B60F3}.Release|x64.Build.0 = Release|x64
		{CF1BA2A3-CD63-4543-8268-B02FDE2B60F3}.Release|x86.ActiveCfg = Release|Win32
		{CF1BA2A3-CD63-4543-8268-B02FDE2B60F3}.Release|x86.Build.0 = Release|Win32
		{7D3C6386-196D-49F8-8D03-D519CF05D447}.Debug|x64.ActiveCfg = Debug|x64
		{7D3C6386-196D-49F8-8D03-D519CF05D447}.Debug|x64.Build.0 = Debug|x64
		{7D3C6386-196D-49F8-8D03-D519CF05D447}.Debug|x86.ActiveCfg = Debug|Win32
		{7D3C6386-196D-49F8-8D03-D519CF05D447}.Debug|x86.Build.0 = Debug|Win32
		{7D3C6386-196D-49F8-8D03-D519CF05D447}.Release|x64.ActiveCfg = Release|x64
		{7D3C6386-196D-49F8-8D03-D519CF05D447}.Release|x64.Build.0 = Release|x64
		{7D3C6386-196D-49F8-8D03-D519CF05D447}.Release|x86.ActiveCfg = Release|Win32
		{7D3C6386-196D-49F8-8D03-D519CF05D447}.Release|x86.Build.0 = Release|Win32
		{CAA91C01-7E3C-4F6D-A87F-BFA900E6A380}.Debug|x64.ActiveCfg = Debug|x64
		{CAA91C01-7E3C-4F6D-A87F-BFA900E6A380}.Debug|x64.Build.0 = Debug|x64
		{CAA91C01-7E3C-4F6D-A87F-BFA900E6A380}.Debug|x86.ActiveCfg = Debug|Win32
		{CAA91C01-7E3C-4F6D-A87F-BFA900E6A380}.Debug|x86.Build.0 = Debug|Win32
		{CAA91C01-7E3C-4F6D-A87F-BFA900E6A380}.Release|x64.ActiveCfg = Release|x64
		{CAA91C01-7E3C-4F6D-A87F-BFA900E6A380}.Release|x64.Build.0 = Release|x64
		{CAA91C01-7E3C-4F6D-A87F-BFA900E6A380}.Release|x86.ActiveCfg = Release|Win32
		{CAA91C01-7E3C-4F6D-A87F-BFA900E6A380}.Release|x86.Build.0 = Release|Win32
		{0D8419B7-85EE-496D-80B9-BFEE08DE7665}.Debug|x64.ActiveCfg = Debug|x64
		{0D8419B7-85EE-496D-80B9-BFEE08DE7665}.Debug|x64.Build.0 = Debug|x64
		{0D8419B7-85EE-496D-80B9-BFEE08DE7665}.Debug|x86.ActiveCfg = Debug|Win32
		{0D8419B7-85EE-496D-80B9-BFEE08DE7665}.Debug|x86.Build.0 = Debug|Win32
		{0D8419B7-85EE-496D-80B9-BFEE08DE7665}.Release|x64.ActiveCfg = Release|x64
		{0D8419B7-85EE-496D-80B9-BFEE08DE7665}.Release|x64.Build.0 = Release|x64
		{0D8419B7-85EE-496D-80B9-BFEE08DE7665}.Release|x86.ActiveCfg = Release|Win32
		{0D8419B7-85EE-496D-80B9-BFEE08DE7665}.Release|x86.Build.0 = Release|Win32
		{FF9BA597-B63C-4B4A-A433-CB69CC76A252}.Debug|x64.ActiveCfg = Debug|x64
		{FF9BA597-B63C-4B4A-A433-CB69CC76A252}.Debug|x64.Build.0 = Debug|x64
		{FF9BA597-B63C-4B4A-A433-CB69CC76A252}.Debug|x86.ActiveCfg = Debug|Win32
		{FF9BA597-B63C-4B4A-A433-CB69CC76A252}.Debug|x86.Build.0 = Debug|Win32
		{FF9BA597-B63C-4B4A-A433-CB69CC76A252}.Release|x64.ActiveCfg = Release|x64
		{FF9BA597-B63C-4B4A-A433-CB69CC76A252}.Release|x64.Build.0 = Release|x64
		{FF9BA597-B63C-4B4A-A433-CB69CC76A252}.Release|x86.ActiveCfg = Release|Win32
		{FF9BA597-B63C-4B4A-A433-CB69CC76A252}.Release|x86.Build.0 = Release|Win32
		{23A787A5-1479-42EB-B5B2-F91CB2EC5270}.Debug|x64.ActiveCfg = Debug|x64
		{23A787A5-1479-42EB-B5B2-F91CB2EC5270}.Debug|x64.Build.0 = Debug|x64
		{23A787A5-1479-42EB-B5B2-F91CB2EC5270}.Debug|x86.ActiveCfg = Debug|Win32
		{23A787A5-1479-42EB-B5B2-F91CB2EC5270}.Debug|x86.Build.0 = Debug|Win32
		{23A787A5-1479-42EB-B5B2-F91CB2EC5270}.Release|x64.ActiveCfg = Release|x64
		{23A787A5-1479-42EB-B5B2-F91CB2EC5270}.Release|x64.Build.0 = Release|x64
		{23A787A5-1479-42EB-B5B2-F91CB2EC5270}.Release|x86.ActiveCfg = Release|Win32
		{23A787A5-1479-42EB-B5B2-F91CB2EC5270}.Release|x86.Build.0 = Release|Win32
	EndGlobalSection
	GlobalSection(SolutionProperties) = preSolution
		HideSolutionNode = FALSE
	EndGlobalSection
	GlobalSection(ExtensibilityGlobals) = postSolution
		SolutionGuid = {98256665-6B82-4B2F-A83D-5CDD9F795C52}
	EndGlobalSection
EndGlobal
