
Microsoft Visual Studio Solution File, Format Version 12.00
# Visual Studio Version 16
VisualStudioVersion = 16.0.29123.88
MinimumVisualStudioVersion = 10.0.40219.1
Project("{8BC9CEB8-8B4A-11D0-8D11-00A0C91BC942}") = "PacManMain", "PacManMain\PacManMain.vcxproj", "{C831E5E8-6835-4D57-8E7E-5BDCBC3F17CC}"
	ProjectSection(ProjectDependencies) = postProject
		{535FAC39-D991-4BA5-A487-96562E3ADD64} = {535FAC39-D991-4BA5-A487-96562E3ADD64}
		{CF1BA2A3-CD63-4543-8268-B02FDE2B60F3} = {CF1BA2A3-CD63-4543-8268-B02FDE2B60F3}
		{2044D9B7-BFE4-4B5A-A546-08B8490CC020} = {2044D9B7-BFE4-4B5A-A546-08B8490CC020}
		{8BDC1DD0-1D02-4A1D-85EF-060A603812CD} = {8BDC1DD0-1D02-4A1D-85EF-060A603812CD}
		{928959F0-90CF-4DCF-8CD9-33408A3E4264} = {928959F0-90CF-4DCF-8CD9-33408A3E4264}
	EndProjectSection
EndProject
Project("{8BC9CEB8-8B4A-11D0-8D11-00A0C91BC942}") = "PacManState", "PacManState\PacManState.vcxproj", "{CF1BA2A3-CD63-4543-8268-B02FDE2B60F3}"
EndProject
Project("{8BC9CEB8-8B4A-11D0-8D11-00A0C91BC942}") = "PacManView", "PacManView\PacManView.vcxproj", "{7D3C6386-196D-49F8-8D03-D519CF05D447}"
EndProject
Project("{8BC9CEB8-8B4A-11D0-8D11-00A0C91BC942}") = "PacManController", "PacManController\PacManController.vcxproj", "{CAA91C01-7E3C-4F6D-A87F-BFA900E6A380}"
EndProject
Project("{2150E333-8FDC-42A3-9474-1A3956D46DE8}") = "src", "src", "{B14D7C3E-C853-4587-991B-8DB545BD5335}"
EndProject
Project("{2150E333-8FDC-42A3-9474-1A3956D46DE8}") = "test", "test", "{02C5EE21-25C9-4C85-87F6-3903CF2C8E60}"
EndProject
Project("{8BC9CEB8-8B4A-11D0-8D11-00A0C91BC942}") = "PacManView.Test", "PacManView.Test\PacManView.Test.vcxproj", "{587E4C17-026C-455D-B151-6F54B4BABEB7}"
	ProjectSection(ProjectDependencies) = postProject
		{C7F0007D-E645-4E77-A3FC-A145ED0D24E7} = {C7F0007D-E645-4E77-A3FC-A145ED0D24E7}
		{7D3C6386-196D-49F8-8D03-D519CF05D447} = {7D3C6386-196D-49F8-8D03-D519CF05D447}
	EndProjectSection
EndProject
Project("{8BC9CEB8-8B4A-11D0-8D11-00A0C91BC942}") = "PacManState.Test", "PacManState.Test\PacManState.Test.vcxproj", "{2A575686-0FBC-4391-A7D5-696F588A2DBD}"
	ProjectSection(ProjectDependencies) = postProject
		{CF1BA2A3-CD63-4543-8268-B02FDE2B60F3} = {CF1BA2A3-CD63-4543-8268-B02FDE2B60F3}
		{ABDA4FEB-F8BA-49B3-BF59-28C653BDB22F} = {ABDA4FEB-F8BA-49B3-BF59-28C653BDB22F}
	EndProjectSection
EndProject
Project("{8BC9CEB8-8B4A-11D0-8D11-00A0C91BC942}") = "PacManController.Test", "PacManController.Test\PacManController.Test.vcxproj", "{E1AF856E-AC26-45A1-A687-F47D6AABAE94}"
	ProjectSection(ProjectDependencies) = postProject
		{CAA91C01-7E3C-4F6D-A87F-BFA900E6A380} = {CAA91C01-7E3C-4F6D-A87F-BFA900E6A380}
	EndProjectSection
EndProject
Project("{8BC9CEB8-8B4A-11D0-8D11-00A0C91BC942}") = "PacManRenderer", "PacManRenderer\PacManRenderer.vcxproj", "{02DB7E7B-7DD1-46D1-90B6-B31A8C446DD7}"
	ProjectSection(ProjectDependencies) = postProject
		{CF1BA2A3-CD63-4543-8268-B02FDE2B60F3} = {CF1BA2A3-CD63-4543-8268-B02FDE2B60F3}
		{928959F0-90CF-4DCF-8CD9-33408A3E4264} = {928959F0-90CF-4DCF-8CD9-33408A3E4264}
	EndProjectSection
EndProject
Project("{8BC9CEB8-8B4A-11D0-8D11-00A0C91BC942}") = "PacManRenderer.Test", "PacManRenderer.Test\PacManRenderer.Test.vcxproj", "{589F8163-512F-4EA1-9540-D02BC763848E}"
	ProjectSection(ProjectDependencies) = postProject
		{02DB7E7B-7DD1-46D1-90B6-B31A8C446DD7} = {02DB7E7B-7DD1-46D1-90B6-B31A8C446DD7}
		{CF1BA2A3-CD63-4543-8268-B02FDE2B60F3} = {CF1BA2A3-CD63-4543-8268-B02FDE2B60F3}
	EndProjectSection
EndProject
Project("{8BC9CEB8-8B4A-11D0-8D11-00A0C91BC942}") = "PacManUpdate.Test", "PacManUpdate.Test\PacManUpdate.Test.vcxproj", "{21FB5100-FB52-4729-80F9-F93D2FF08E06}"
	ProjectSection(ProjectDependencies) = postProject
		{535FAC39-D991-4BA5-A487-96562E3ADD64} = {535FAC39-D991-4BA5-A487-96562E3ADD64}
		{5F5DF853-1372-45CB-97F9-7C568B02FD54} = {5F5DF853-1372-45CB-97F9-7C568B02FD54}
		{CF1BA2A3-CD63-4543-8268-B02FDE2B60F3} = {CF1BA2A3-CD63-4543-8268-B02FDE2B60F3}
	EndProjectSection
EndProject
Project("{8BC9CEB8-8B4A-11D0-8D11-00A0C91BC942}") = "PacManUpdate", "PacManUpdate\PacManUpdate.vcxproj", "{5F5DF853-1372-45CB-97F9-7C568B02FD54}"
	ProjectSection(ProjectDependencies) = postProject
		{535FAC39-D991-4BA5-A487-96562E3ADD64} = {535FAC39-D991-4BA5-A487-96562E3ADD64}
		{CF1BA2A3-CD63-4543-8268-B02FDE2B60F3} = {CF1BA2A3-CD63-4543-8268-B02FDE2B60F3}
	EndProjectSection
EndProject
Project("{8BC9CEB8-8B4A-11D0-8D11-00A0C91BC942}") = "PacManViewAPI", "PacManViewAPI\PacManViewAPI.vcxproj", "{928959F0-90CF-4DCF-8CD9-33408A3E4264}"
	ProjectSection(ProjectDependencies) = postProject
		{7D3C6386-196D-49F8-8D03-D519CF05D447} = {7D3C6386-196D-49F8-8D03-D519CF05D447}
	EndProjectSection
EndProject
Project("{8BC9CEB8-8B4A-11D0-8D11-00A0C91BC942}") = "PacManControllerAPI", "PacManControllerAPI\PacManControllerAPI.vcxproj", "{535FAC39-D991-4BA5-A487-96562E3ADD64}"
	ProjectSection(ProjectDependencies) = postProject
		{CAA91C01-7E3C-4F6D-A87F-BFA900E6A380} = {CAA91C01-7E3C-4F6D-A87F-BFA900E6A380}
	EndProjectSection
EndProject
Project("{8BC9CEB8-8B4A-11D0-8D11-00A0C91BC942}") = "PacManRendererAPI", "PacManRendererAPI\PacManRendererAPI.vcxproj", "{2044D9B7-BFE4-4B5A-A546-08B8490CC020}"
	ProjectSection(ProjectDependencies) = postProject
		{02DB7E7B-7DD1-46D1-90B6-B31A8C446DD7} = {02DB7E7B-7DD1-46D1-90B6-B31A8C446DD7}
		{CF1BA2A3-CD63-4543-8268-B02FDE2B60F3} = {CF1BA2A3-CD63-4543-8268-B02FDE2B60F3}
		{928959F0-90CF-4DCF-8CD9-33408A3E4264} = {928959F0-90CF-4DCF-8CD9-33408A3E4264}
	EndProjectSection
EndProject
Project("{8BC9CEB8-8B4A-11D0-8D11-00A0C91BC942}") = "PacManUpdateAPI", "PacManUpdateAPI\PacManUpdateAPI.vcxproj", "{8BDC1DD0-1D02-4A1D-85EF-060A603812CD}"
	ProjectSection(ProjectDependencies) = postProject
		{535FAC39-D991-4BA5-A487-96562E3ADD64} = {535FAC39-D991-4BA5-A487-96562E3ADD64}
		{5F5DF853-1372-45CB-97F9-7C568B02FD54} = {5F5DF853-1372-45CB-97F9-7C568B02FD54}
		{CF1BA2A3-CD63-4543-8268-B02FDE2B60F3} = {CF1BA2A3-CD63-4543-8268-B02FDE2B60F3}
	EndProjectSection
EndProject
Project("{8BC9CEB8-8B4A-11D0-8D11-00A0C91BC942}") = "PacManState.Mock", "PacManState.Mock\PacManState.Mock.vcxproj", "{ABDA4FEB-F8BA-49B3-BF59-28C653BDB22F}"
EndProject
Project("{8BC9CEB8-8B4A-11D0-8D11-00A0C91BC942}") = "PacManView.Mock", "PacManView.Mock\PacManView.Mock.vcxproj", "{C7F0007D-E645-4E77-A3FC-A145ED0D24E7}"
EndProject
Global
	GlobalSection(SolutionConfigurationPlatforms) = preSolution
		Debug|x64 = Debug|x64
		Debug|x86 = Debug|x86
		Release|x64 = Release|x64
		Release|x86 = Release|x86
	EndGlobalSection
	GlobalSection(ProjectConfigurationPlatforms) = postSolution
		{C831E5E8-6835-4D57-8E7E-5BDCBC3F17CC}.Debug|x64.ActiveCfg = Debug|x64
		{C831E5E8-6835-4D57-8E7E-5BDCBC3F17CC}.Debug|x64.Build.0 = Debug|x64
		{C831E5E8-6835-4D57-8E7E-5BDCBC3F17CC}.Debug|x86.ActiveCfg = Debug|Win32
		{C831E5E8-6835-4D57-8E7E-5BDCBC3F17CC}.Debug|x86.Build.0 = Debug|Win32
		{C831E5E8-6835-4D57-8E7E-5BDCBC3F17CC}.Release|x64.ActiveCfg = Release|x64
		{C831E5E8-6835-4D57-8E7E-5BDCBC3F17CC}.Release|x64.Build.0 = Release|x64
		{C831E5E8-6835-4D57-8E7E-5BDCBC3F17CC}.Release|x86.ActiveCfg = Release|Win32
		{C831E5E8-6835-4D57-8E7E-5BDCBC3F17CC}.Release|x86.Build.0 = Release|Win32
		{CF1BA2A3-CD63-4543-8268-B02FDE2B60F3}.Debug|x64.ActiveCfg = Debug|x64
		{CF1BA2A3-CD63-4543-8268-B02FDE2B60F3}.Debug|x64.Build.0 = Debug|x64
		{CF1BA2A3-CD63-4543-8268-B02FDE2B60F3}.Debug|x86.ActiveCfg = Debug|Win32
		{CF1BA2A3-CD63-4543-8268-B02FDE2B60F3}.Debug|x86.Build.0 = Debug|Win32
		{CF1BA2A3-CD63-4543-8268-B02FDE2B60F3}.Release|x64.ActiveCfg = Release|x64
		{CF1BA2A3-CD63-4543-8268-B02FDE2B60F3}.Release|x64.Build.0 = Release|x64
		{CF1BA2A3-CD63-4543-8268-B02FDE2B60F3}.Release|x86.ActiveCfg = Release|Win32
		{CF1BA2A3-CD63-4543-8268-B02FDE2B60F3}.Release|x86.Build.0 = Release|Win32
		{7D3C6386-196D-49F8-8D03-D519CF05D447}.Debug|x64.ActiveCfg = Debug|x64
		{7D3C6386-196D-49F8-8D03-D519CF05D447}.Debug|x64.Build.0 = Debug|x64
		{7D3C6386-196D-49F8-8D03-D519CF05D447}.Debug|x86.ActiveCfg = Debug|Win32
		{7D3C6386-196D-49F8-8D03-D519CF05D447}.Debug|x86.Build.0 = Debug|Win32
		{7D3C6386-196D-49F8-8D03-D519CF05D447}.Release|x64.ActiveCfg = Release|x64
		{7D3C6386-196D-49F8-8D03-D519CF05D447}.Release|x64.Build.0 = Release|x64
		{7D3C6386-196D-49F8-8D03-D519CF05D447}.Release|x86.ActiveCfg = Release|Win32
		{7D3C6386-196D-49F8-8D03-D519CF05D447}.Release|x86.Build.0 = Release|Win32
		{CAA91C01-7E3C-4F6D-A87F-BFA900E6A380}.Debug|x64.ActiveCfg = Debug|x64
		{CAA91C01-7E3C-4F6D-A87F-BFA900E6A380}.Debug|x64.Build.0 = Debug|x64
		{CAA91C01-7E3C-4F6D-A87F-BFA900E6A380}.Debug|x86.ActiveCfg = Debug|Win32
		{CAA91C01-7E3C-4F6D-A87F-BFA900E6A380}.Debug|x86.Build.0 = Debug|Win32
		{CAA91C01-7E3C-4F6D-A87F-BFA900E6A380}.Release|x64.ActiveCfg = Release|x64
		{CAA91C01-7E3C-4F6D-A87F-BFA900E6A380}.Release|x64.Build.0 = Release|x64
		{CAA91C01-7E3C-4F6D-A87F-BFA900E6A380}.Release|x86.ActiveCfg = Release|Win32
		{CAA91C01-7E3C-4F6D-A87F-BFA900E6A380}.Release|x86.Build.0 = Release|Win32
		{587E4C17-026C-455D-B151-6F54B4BABEB7}.Debug|x64.ActiveCfg = Debug|x64
		{587E4C17-026C-455D-B151-6F54B4BABEB7}.Debug|x64.Build.0 = Debug|x64
		{587E4C17-026C-455D-B151-6F54B4BABEB7}.Debug|x86.ActiveCfg = Debug|Win32
		{587E4C17-026C-455D-B151-6F54B4BABEB7}.Debug|x86.Build.0 = Debug|Win32
		{587E4C17-026C-455D-B151-6F54B4BABEB7}.Release|x64.ActiveCfg = Release|x64
		{587E4C17-026C-455D-B151-6F54B4BABEB7}.Release|x64.Build.0 = Release|x64
		{587E4C17-026C-455D-B151-6F54B4BABEB7}.Release|x86.ActiveCfg = Release|Win32
		{587E4C17-026C-455D-B151-6F54B4BABEB7}.Release|x86.Build.0 = Release|Win32
		{2A575686-0FBC-4391-A7D5-696F588A2DBD}.Debug|x64.ActiveCfg = Debug|x64
		{2A575686-0FBC-4391-A7D5-696F588A2DBD}.Debug|x64.Build.0 = Debug|x64
		{2A575686-0FBC-4391-A7D5-696F588A2DBD}.Debug|x86.ActiveCfg = Debug|Win32
		{2A575686-0FBC-4391-A7D5-696F588A2DBD}.Debug|x86.Build.0 = Debug|Win32
		{2A575686-0FBC-4391-A7D5-696F588A2DBD}.Release|x64.ActiveCfg = Release|x64
		{2A575686-0FBC-4391-A7D5-696F588A2DBD}.Release|x64.Build.0 = Release|x64
		{2A575686-0FBC-4391-A7D5-696F588A2DBD}.Release|x86.ActiveCfg = Release|Win32
		{2A575686-0FBC-4391-A7D5-696F588A2DBD}.Release|x86.Build.0 = Release|Win32
		{E1AF856E-AC26-45A1-A687-F47D6AABAE94}.Debug|x64.ActiveCfg = Debug|x64
		{E1AF856E-AC26-45A1-A687-F47D6AABAE94}.Debug|x64.Build.0 = Debug|x64
		{E1AF856E-AC26-45A1-A687-F47D6AABAE94}.Debug|x86.ActiveCfg = Debug|Win32
		{E1AF856E-AC26-45A1-A687-F47D6AABAE94}.Debug|x86.Build.0 = Debug|Win32
		{E1AF856E-AC26-45A1-A687-F47D6AABAE94}.Release|x64.ActiveCfg = Release|x64
		{E1AF856E-AC26-45A1-A687-F47D6AABAE94}.Release|x64.Build.0 = Release|x64
		{E1AF856E-AC26-45A1-A687-F47D6AABAE94}.Release|x86.ActiveCfg = Release|Win32
		{E1AF856E-AC26-45A1-A687-F47D6AABAE94}.Release|x86.Build.0 = Release|Win32
		{02DB7E7B-7DD1-46D1-90B6-B31A8C446DD7}.Debug|x64.ActiveCfg = Debug|x64
		{02DB7E7B-7DD1-46D1-90B6-B31A8C446DD7}.Debug|x64.Build.0 = Debug|x64
		{02DB7E7B-7DD1-46D1-90B6-B31A8C446DD7}.Debug|x86.ActiveCfg = Debug|Win32
		{02DB7E7B-7DD1-46D1-90B6-B31A8C446DD7}.Debug|x86.Build.0 = Debug|Win32
		{02DB7E7B-7DD1-46D1-90B6-B31A8C446DD7}.Release|x64.ActiveCfg = Release|x64
		{02DB7E7B-7DD1-46D1-90B6-B31A8C446DD7}.Release|x64.Build.0 = Release|x64
		{02DB7E7B-7DD1-46D1-90B6-B31A8C446DD7}.Release|x86.ActiveCfg = Release|Win32
		{02DB7E7B-7DD1-46D1-90B6-B31A8C446DD7}.Release|x86.Build.0 = Release|Win32
		{589F8163-512F-4EA1-9540-D02BC763848E}.Debug|x64.ActiveCfg = Debug|x64
		{589F8163-512F-4EA1-9540-D02BC763848E}.Debug|x64.Build.0 = Debug|x64
		{589F8163-512F-4EA1-9540-D02BC763848E}.Debug|x86.ActiveCfg = Debug|Win32
		{589F8163-512F-4EA1-9540-D02BC763848E}.Debug|x86.Build.0 = Debug|Win32
		{589F8163-512F-4EA1-9540-D02BC763848E}.Release|x64.ActiveCfg = Release|x64
		{589F8163-512F-4EA1-9540-D02BC763848E}.Release|x64.Build.0 = Release|x64
		{589F8163-512F-4EA1-9540-D02BC763848E}.Release|x86.ActiveCfg = Release|Win32
		{589F8163-512F-4EA1-9540-D02BC763848E}.Release|x86.Build.0 = Release|Win32
		{21FB5100-FB52-4729-80F9-F93D2FF08E06}.Debug|x64.ActiveCfg = Debug|x64
		{21FB5100-FB52-4729-80F9-F93D2FF08E06}.Debug|x64.Build.0 = Debug|x64
		{21FB5100-FB52-4729-80F9-F93D2FF08E06}.Debug|x86.ActiveCfg = Debug|Win32
		{21FB5100-FB52-4729-80F9-F93D2FF08E06}.Debug|x86.Build.0 = Debug|Win32
		{21FB5100-FB52-4729-80F9-F93D2FF08E06}.Release|x64.ActiveCfg = Release|x64
		{21FB5100-FB52-4729-80F9-F93D2FF08E06}.Release|x64.Build.0 = Release|x64
		{21FB5100-FB52-4729-80F9-F93D2FF08E06}.Release|x86.ActiveCfg = Release|Win32
		{21FB5100-FB52-4729-80F9-F93D2FF08E06}.Release|x86.Build.0 = Release|Win32
		{5F5DF853-1372-45CB-97F9-7C568B02FD54}.Debug|x64.ActiveCfg = Debug|x64
		{5F5DF853-1372-45CB-97F9-7C568B02FD54}.Debug|x64.Build.0 = Debug|x64
		{5F5DF853-1372-45CB-97F9-7C568B02FD54}.Debug|x86.ActiveCfg = Debug|Win32
		{5F5DF853-1372-45CB-97F9-7C568B02FD54}.Debug|x86.Build.0 = Debug|Win32
		{5F5DF853-1372-45CB-97F9-7C568B02FD54}.Release|x64.ActiveCfg = Release|x64
		{5F5DF853-1372-45CB-97F9-7C568B02FD54}.Release|x64.Build.0 = Release|x64
		{5F5DF853-1372-45CB-97F9-7C568B02FD54}.Release|x86.ActiveCfg = Release|Win32
		{5F5DF853-1372-45CB-97F9-7C568B02FD54}.Release|x86.Build.0 = Release|Win32
		{928959F0-90CF-4DCF-8CD9-33408A3E4264}.Debug|x64.ActiveCfg = Debug|x64
		{928959F0-90CF-4DCF-8CD9-33408A3E4264}.Debug|x64.Build.0 = Debug|x64
		{928959F0-90CF-4DCF-8CD9-33408A3E4264}.Debug|x86.ActiveCfg = Debug|Win32
		{928959F0-90CF-4DCF-8CD9-33408A3E4264}.Debug|x86.Build.0 = Debug|Win32
		{928959F0-90CF-4DCF-8CD9-33408A3E4264}.Release|x64.ActiveCfg = Release|x64
		{928959F0-90CF-4DCF-8CD9-33408A3E4264}.Release|x64.Build.0 = Release|x64
		{928959F0-90CF-4DCF-8CD9-33408A3E4264}.Release|x86.ActiveCfg = Release|Win32
		{928959F0-90CF-4DCF-8CD9-33408A3E4264}.Release|x86.Build.0 = Release|Win32
		{535FAC39-D991-4BA5-A487-96562E3ADD64}.Debug|x64.ActiveCfg = Debug|x64
		{535FAC39-D991-4BA5-A487-96562E3ADD64}.Debug|x64.Build.0 = Debug|x64
		{535FAC39-D991-4BA5-A487-96562E3ADD64}.Debug|x86.ActiveCfg = Debug|Win32
		{535FAC39-D991-4BA5-A487-96562E3ADD64}.Debug|x86.Build.0 = Debug|Win32
		{535FAC39-D991-4BA5-A487-96562E3ADD64}.Release|x64.ActiveCfg = Release|x64
		{535FAC39-D991-4BA5-A487-96562E3ADD64}.Release|x64.Build.0 = Release|x64
		{535FAC39-D991-4BA5-A487-96562E3ADD64}.Release|x86.ActiveCfg = Release|Win32
		{535FAC39-D991-4BA5-A487-96562E3ADD64}.Release|x86.Build.0 = Release|Win32
		{2044D9B7-BFE4-4B5A-A546-08B8490CC020}.Debug|x64.ActiveCfg = Debug|x64
		{2044D9B7-BFE4-4B5A-A546-08B8490CC020}.Debug|x64.Build.0 = Debug|x64
		{2044D9B7-BFE4-4B5A-A546-08B8490CC020}.Debug|x86.ActiveCfg = Debug|Win32
		{2044D9B7-BFE4-4B5A-A546-08B8490CC020}.Debug|x86.Build.0 = Debug|Win32
		{2044D9B7-BFE4-4B5A-A546-08B8490CC020}.Release|x64.ActiveCfg = Release|x64
		{2044D9B7-BFE4-4B5A-A546-08B8490CC020}.Release|x64.Build.0 = Release|x64
		{2044D9B7-BFE4-4B5A-A546-08B8490CC020}.Release|x86.ActiveCfg = Release|Win32
		{2044D9B7-BFE4-4B5A-A546-08B8490CC020}.Release|x86.Build.0 = Release|Win32
		{8BDC1DD0-1D02-4A1D-85EF-060A603812CD}.Debug|x64.ActiveCfg = Debug|x64
		{8BDC1DD0-1D02-4A1D-85EF-060A603812CD}.Debug|x64.Build.0 = Debug|x64
		{8BDC1DD0-1D02-4A1D-85EF-060A603812CD}.Debug|x86.ActiveCfg = Debug|Win32
		{8BDC1DD0-1D02-4A1D-85EF-060A603812CD}.Debug|x86.Build.0 = Debug|Win32
		{8BDC1DD0-1D02-4A1D-85EF-060A603812CD}.Release|x64.ActiveCfg = Release|x64
		{8BDC1DD0-1D02-4A1D-85EF-060A603812CD}.Release|x64.Build.0 = Release|x64
		{8BDC1DD0-1D02-4A1D-85EF-060A603812CD}.Release|x86.ActiveCfg = Release|Win32
		{8BDC1DD0-1D02-4A1D-85EF-060A603812CD}.Release|x86.Build.0 = Release|Win32
		{ABDA4FEB-F8BA-49B3-BF59-28C653BDB22F}.Debug|x64.ActiveCfg = Debug|x64
		{ABDA4FEB-F8BA-49B3-BF59-28C653BDB22F}.Debug|x64.Build.0 = Debug|x64
		{ABDA4FEB-F8BA-49B3-BF59-28C653BDB22F}.Debug|x86.ActiveCfg = Debug|Win32
		{ABDA4FEB-F8BA-49B3-BF59-28C653BDB22F}.Debug|x86.Build.0 = Debug|Win32
		{ABDA4FEB-F8BA-49B3-BF59-28C653BDB22F}.Release|x64.ActiveCfg = Release|x64
		{ABDA4FEB-F8BA-49B3-BF59-28C653BDB22F}.Release|x64.Build.0 = Release|x64
		{ABDA4FEB-F8BA-49B3-BF59-28C653BDB22F}.Release|x86.ActiveCfg = Release|Win32
		{ABDA4FEB-F8BA-49B3-BF59-28C653BDB22F}.Release|x86.Build.0 = Release|Win32
		{C7F0007D-E645-4E77-A3FC-A145ED0D24E7}.Debug|x64.ActiveCfg = Debug|x64
		{C7F0007D-E645-4E77-A3FC-A145ED0D24E7}.Debug|x64.Build.0 = Debug|x64
		{C7F0007D-E645-4E77-A3FC-A145ED0D24E7}.Debug|x86.ActiveCfg = Debug|Win32
		{C7F0007D-E645-4E77-A3FC-A145ED0D24E7}.Debug|x86.Build.0 = Debug|Win32
		{C7F0007D-E645-4E77-A3FC-A145ED0D24E7}.Release|x64.ActiveCfg = Release|x64
		{C7F0007D-E645-4E77-A3FC-A145ED0D24E7}.Release|x64.Build.0 = Release|x64
		{C7F0007D-E645-4E77-A3FC-A145ED0D24E7}.Release|x86.ActiveCfg = Release|Win32
		{C7F0007D-E645-4E77-A3FC-A145ED0D24E7}.Release|x86.Build.0 = Release|Win32
	EndGlobalSection
	GlobalSection(SolutionProperties) = preSolution
		HideSolutionNode = FALSE
	EndGlobalSection
	GlobalSection(NestedProjects) = preSolution
		{C831E5E8-6835-4D57-8E7E-5BDCBC3F17CC} = {B14D7C3E-C853-4587-991B-8DB545BD5335}
		{CF1BA2A3-CD63-4543-8268-B02FDE2B60F3} = {B14D7C3E-C853-4587-991B-8DB545BD5335}
		{7D3C6386-196D-49F8-8D03-D519CF05D447} = {B14D7C3E-C853-4587-991B-8DB545BD5335}
		{CAA91C01-7E3C-4F6D-A87F-BFA900E6A380} = {B14D7C3E-C853-4587-991B-8DB545BD5335}
		{587E4C17-026C-455D-B151-6F54B4BABEB7} = {02C5EE21-25C9-4C85-87F6-3903CF2C8E60}
		{2A575686-0FBC-4391-A7D5-696F588A2DBD} = {02C5EE21-25C9-4C85-87F6-3903CF2C8E60}
		{E1AF856E-AC26-45A1-A687-F47D6AABAE94} = {02C5EE21-25C9-4C85-87F6-3903CF2C8E60}
		{02DB7E7B-7DD1-46D1-90B6-B31A8C446DD7} = {B14D7C3E-C853-4587-991B-8DB545BD5335}
		{589F8163-512F-4EA1-9540-D02BC763848E} = {02C5EE21-25C9-4C85-87F6-3903CF2C8E60}
		{21FB5100-FB52-4729-80F9-F93D2FF08E06} = {02C5EE21-25C9-4C85-87F6-3903CF2C8E60}
		{5F5DF853-1372-45CB-97F9-7C568B02FD54} = {B14D7C3E-C853-4587-991B-8DB545BD5335}
		{928959F0-90CF-4DCF-8CD9-33408A3E4264} = {B14D7C3E-C853-4587-991B-8DB545BD5335}
		{535FAC39-D991-4BA5-A487-96562E3ADD64} = {B14D7C3E-C853-4587-991B-8DB545BD5335}
		{2044D9B7-BFE4-4B5A-A546-08B8490CC020} = {B14D7C3E-C853-4587-991B-8DB545BD5335}
		{8BDC1DD0-1D02-4A1D-85EF-060A603812CD} = {B14D7C3E-C853-4587-991B-8DB545BD5335}
		{ABDA4FEB-F8BA-49B3-BF59-28C653BDB22F} = {02C5EE21-25C9-4C85-87F6-3903CF2C8E60}
		{C7F0007D-E645-4E77-A3FC-A145ED0D24E7} = {02C5EE21-25C9-4C85-87F6-3903CF2C8E60}
	EndGlobalSection
	GlobalSection(ExtensibilityGlobals) = postSolution
		SolutionGuid = {98256665-6B82-4B2F-A83D-5CDD9F795C52}
	EndGlobalSection
EndGlobal
