<?xml version="1.0" encoding="utf-8"?>
<Project ToolsVersion="4.0" xmlns="http://schemas.microsoft.com/developer/msbuild/2003">
  <ItemGroup>
    <Filter Include="Source Files">
      <UniqueIdentifier>{4FC737F1-C7A5-4376-A066-2A32D752A2FF}</UniqueIdentifier>
      <Extensions>cpp;c;cc;cxx;def;odl;idl;hpj;bat;asm;asmx</Extensions>
    </Filter>
    <Filter Include="Header Files">
      <UniqueIdentifier>{93995380-89BD-4b04-88EB-625FBE52EBFB}</UniqueIdentifier>
      <Extensions>h;hh;hpp;hxx;hm;inl;inc;ipp;xsd</Extensions>
    </Filter>
    <Filter Include="Resource Files">
      <UniqueIdentifier>{67DA6AB6-F800-4c08-8B7A-83BB121AAD01}</UniqueIdentifier>
      <Extensions>rc;ico;cur;bmp;dlg;rc2;rct;bin;rgs;gif;jpg;jpeg;jpe;resx;tiff;tif;png;wav;mfcribbon-ms</Extensions>
    </Filter>
  </ItemGroup>
  <ItemGroup>
    <ClInclude Include="stdafx.h">
      <Filter>Header Files</Filter>
    </ClInclude>
    <ClInclude Include="targetver.h">
      <Filter>Header Files</Filter>
    </ClInclude>
    <ClInclude Include="include\GameState.h">
      <Filter>Header Files</Filter>
    </ClInclude>
    <ClInclude Include="include\field\IField.h">
      <Filter>Header Files</Filter>
    </ClInclude>
    <ClInclude Include="include\field\TileType.h">
      <Filter>Header Files</Filter>
    </ClInclude>
    <ClInclude Include="include\field\Field.h">
      <Filter>Header Files</Filter>
    </ClInclude>
    <ClInclude Include="include\field\FieldDefinition.h">
      <Filter>Header Files</Filter>
    </ClInclude>
    <ClInclude Include="include\GameMode.h">
      <Filter>Header Files</Filter>
    </ClInclude>
    <ClInclude Include="include\IGameState.h">
      <Filter>Header Files</Filter>
    </ClInclude>
    <ClInclude Include="include\entity\IEntityManager.h">
      <Filter>Header Files</Filter>
    </ClInclude>
    <ClInclude Include="include\entity\EntityManager.h">
      <Filter>Header Files</Filter>
    </ClInclude>
    <ClInclude Include="include\field\object\FieldObjectType.h">
      <Filter>Header Files</Filter>
    </ClInclude>
    <ClInclude Include="include\field\object\FieldObjectDefinition.h">
      <Filter>Header Files</Filter>
    </ClInclude>
    <ClInclude Include="include\field\object\FieldObjectManager.h">
      <Filter>Header Files</Filter>
    </ClInclude>
    <ClInclude Include="include\field\object\FieldObject.h">
      <Filter>Header Files</Filter>
    </ClInclude>
    <ClInclude Include="include\field\object\IFieldObjectManager.h">
      <Filter>Header Files</Filter>
    </ClInclude>
    <ClInclude Include="include\score\IScoreBoard.h">
      <Filter>Header Files</Filter>
    </ClInclude>
    <ClInclude Include="include\score\ScoreBoard.h">
      <Filter>Header Files</Filter>
    </ClInclude>
    <ClInclude Include="include\level\ILevelManager.h">
      <Filter>Header Files</Filter>
    </ClInclude>
    <ClInclude Include="include\level\LevelManager.h">
      <Filter>Header Files</Filter>
    </ClInclude>
    <ClInclude Include="include\entity\EntityType.h">
      <Filter>Header Files</Filter>
    </ClInclude>
    <ClInclude Include="include\util\EnumClassHash.h">
      <Filter>Header Files</Filter>
    </ClInclude>
    <ClInclude Include="include\entity\IEntityState.h">
      <Filter>Header Files</Filter>
    </ClInclude>
    <ClInclude Include="include\entity\EntityState.h">
      <Filter>Header Files</Filter>
    </ClInclude>
    <ClInclude Include="include\entity\player\IPacManBehaviourState.h">
      <Filter>Header Files</Filter>
    </ClInclude>
    <ClInclude Include="include\entity\player\PacManBehaviourState.h">
      <Filter>Header Files</Filter>
    </ClInclude>
    <ClInclude Include="include\entity\player\PacManStateType.h">
      <Filter>Header Files</Filter>
    </ClInclude>
    <ClInclude Include="include\entity\spatial\SpatialState.h">
      <Filter>Header Files</Filter>
    </ClInclude>
    <ClInclude Include="include\entity\spatial\ISpatialState.h">
      <Filter>Header Files</Filter>
    </ClInclude>
    <ClInclude Include="include\entity\spatial\IEntityAxis.h">
      <Filter>Header Files</Filter>
    </ClInclude>
    <ClInclude Include="include\entity\spatial\EntityAxis.h">
      <Filter>Header Files</Filter>
    </ClInclude>
    <ClInclude Include="include\entity\spatial\Direction.h">
      <Filter>Header Files</Filter>
    </ClInclude>
  </ItemGroup>
  <ItemGroup>
    <ClCompile Include="stdafx.cpp">
      <Filter>Source Files</Filter>
    </ClCompile>
    <ClCompile Include="PacManState.cpp">
      <Filter>Source Files</Filter>
    </ClCompile>
    <ClCompile Include="dllmain.cpp">
      <Filter>Source Files</Filter>
    </ClCompile>
    <ClCompile Include="src\GameState.cpp">
      <Filter>Source Files</Filter>
    </ClCompile>
    <ClCompile Include="src\field\Field.cpp">
      <Filter>Source Files</Filter>
    </ClCompile>
    <ClCompile Include="src\field\IField.cpp">
      <Filter>Source Files</Filter>
    </ClCompile>
    <ClCompile Include="src\IGameState.cpp">
      <Filter>Source Files</Filter>
    </ClCompile>
    <ClCompile Include="src\entity\EntityManager.cpp">
      <Filter>Source Files</Filter>
    </ClCompile>
    <ClCompile Include="src\entity\IEntityManager.cpp">
      <Filter>Source Files</Filter>
    </ClCompile>
    <ClCompile Include="src\field\object\FieldObjectManager.cpp">
      <Filter>Source Files</Filter>
    </ClCompile>
    <ClCompile Include="src\field\object\IFieldObjectManager.cpp">
      <Filter>Source Files</Filter>
    </ClCompile>
    <ClCompile Include="src\field\object\FieldObjectType.cpp">
      <Filter>Source Files</Filter>
    </ClCompile>
    <ClCompile Include="src\field\FieldDefinition.cpp">
      <Filter>Source Files</Filter>
    </ClCompile>
    <ClCompile Include="src\field\object\FieldObjectDefinition.cpp">
      <Filter>Source Files</Filter>
    </ClCompile>
    <ClCompile Include="src\score\IScoreBoard.cpp">
      <Filter>Source Files</Filter>
    </ClCompile>
    <ClCompile Include="src\level\LevelManager.cpp">
      <Filter>Source Files</Filter>
    </ClCompile>
    <ClCompile Include="src\level\ILevelManager.cpp">
      <Filter>Source Files</Filter>
    </ClCompile>
    <ClCompile Include="src\entity\IEntityState.cpp">
      <Filter>Source Files</Filter>
    </ClCompile>
    <ClCompile Include="src\entity\player\IPacManBehaviourState.cpp">
      <Filter>Source Files</Filter>
    </ClCompile>
    <ClCompile Include="src\entity\player\PacManBehaviourState.cpp">
      <Filter>Source Files</Filter>
    </ClCompile>
    <ClCompile Include="src\entity\spatial\SpatialState.cpp">
      <Filter>Source Files</Filter>
    </ClCompile>
    <ClCompile Include="src\entity\spatial\ISpatialState.cpp">
      <Filter>Source Files</Filter>
    </ClCompile>
    <ClCompile Include="src\entity\spatial\IEntityAxis.cpp">
      <Filter>Source Files</Filter>
    </ClCompile>
  </ItemGroup>
</Project>