<?xml version="1.0" encoding="utf-8"?>
<Project ToolsVersion="4.0" xmlns="http://schemas.microsoft.com/developer/msbuild/2003">
  <ItemGroup>
    <Filter Include="Source Files">
      <UniqueIdentifier>{4FC737F1-C7A5-4376-A066-2A32D752A2FF}</UniqueIdentifier>
      <Extensions>cpp;c;cc;cxx;def;odl;idl;hpj;bat;asm;asmx</Extensions>
    </Filter>
    <Filter Include="Header Files">
      <UniqueIdentifier>{93995380-89BD-4b04-88EB-625FBE52EBFB}</UniqueIdentifier>
      <Extensions>h;hh;hpp;hxx;hm;inl;inc;ipp;xsd</Extensions>
    </Filter>
    <Filter Include="Resource Files">
      <UniqueIdentifier>{67DA6AB6-F800-4c08-8B7A-83BB121AAD01}</UniqueIdentifier>
      <Extensions>rc;ico;cur;bmp;dlg;rc2;rct;bin;rgs;gif;jpg;jpeg;jpe;resx;tiff;tif;png;wav;mfcribbon-ms</Extensions>
    </Filter>
  </ItemGroup>
  <ItemGroup>
    <None Include="cpp.hint" />
  </ItemGroup>
  <ItemGroup>
    <ClInclude Include="framework.h">
      <Filter>Header Files</Filter>
    </ClInclude>
    <ClInclude Include="PacManUpdate.h">
      <Filter>Header Files</Filter>
    </ClInclude>
    <ClInclude Include="pch.h">
      <Filter>Header Files</Filter>
    </ClInclude>
    <ClInclude Include="include\manager\IUpdateManager.h">
      <Filter>Header Files</Filter>
    </ClInclude>
    <ClInclude Include="include\manager\UpdateManager.h">
      <Filter>Header Files</Filter>
    </ClInclude>
    <ClInclude Include="include\commands\ChangePlayerDirectionCommand.h">
      <Filter>Header Files</Filter>
    </ClInclude>
    <ClInclude Include="include\entity\UpdatePlayer.h">
      <Filter>Header Files</Filter>
    </ClInclude>
    <ClInclude Include="include\entity\IUpdatablePlayerEntity.h">
      <Filter>Header Files</Filter>
    </ClInclude>
    <ClInclude Include="include\entity\IUpdatableEntityAxis.h">
      <Filter>Header Files</Filter>
    </ClInclude>
    <ClInclude Include="include\entity\UpdatableEntityAxis.h">
      <Filter>Header Files</Filter>
    </ClInclude>
    <ClInclude Include="include\entity\UpdatablePlayerEntity.h">
      <Filter>Header Files</Filter>
    </ClInclude>
    <ClInclude Include="include\entity\IPlayerMovementAxis.h">
      <Filter>Header Files</Filter>
    </ClInclude>
    <ClInclude Include="include\entity\AxisDirection.h">
      <Filter>Header Files</Filter>
    </ClInclude>
    <ClInclude Include="include\entity\PlayerMovementAxis.h">
      <Filter>Header Files</Filter>
    </ClInclude>
    <ClInclude Include="include\state_machine\INode.h">
      <Filter>Header Files</Filter>
    </ClInclude>
    <ClInclude Include="include\state_machine\events\PlayerControlEvent.h">
      <Filter>Header Files</Filter>
    </ClInclude>
    <ClInclude Include="include\state_machine\Node.h">
      <Filter>Header Files</Filter>
    </ClInclude>
    <ClInclude Include="include\state_machine\IStateMachine.h">
      <Filter>Header Files</Filter>
    </ClInclude>
    <ClInclude Include="include\state_machine\StateMachine.h">
      <Filter>Header Files</Filter>
    </ClInclude>
    <ClInclude Include="include\state_machine\values\PlayerControlValue.h">
      <Filter>Header Files</Filter>
    </ClInclude>
    <ClInclude Include="include\entity\AxisType.h">
      <Filter>Header Files</Filter>
    </ClInclude>
    <ClInclude Include="include\entity\util\PlayerUpdateUtils.h">
      <Filter>Header Files</Filter>
    </ClInclude>
    <ClInclude Include="include\commands\QuitCommand.h">
      <Filter>Header Files</Filter>
    </ClInclude>
  </ItemGroup>
  <ItemGroup>
    <ClCompile Include="PacManUpdate.cpp">
      <Filter>Source Files</Filter>
    </ClCompile>
    <ClCompile Include="dllmain.cpp">
      <Filter>Source Files</Filter>
    </ClCompile>
    <ClCompile Include="pch.cpp">
      <Filter>Source Files</Filter>
    </ClCompile>
    <ClCompile Include="src\commands\QuitCommand.cpp">
      <Filter>Source Files</Filter>
    </ClCompile>
    <ClCompile Include="src\manager\UpdateManager.cpp">
      <Filter>Source Files</Filter>
    </ClCompile>
    <ClCompile Include="src\manager\IUpdateManager.cpp">
      <Filter>Source Files</Filter>
    </ClCompile>
    <ClCompile Include="src\commands\ChangePlayerDirectionCommand.cpp">
      <Filter>Source Files</Filter>
    </ClCompile>
    <ClCompile Include="src\entity\UpdatablePlayerEntity.cpp">
      <Filter>Source Files</Filter>
    </ClCompile>
    <ClCompile Include="src\entity\UpdatableEntityAxis.cpp">
      <Filter>Source Files</Filter>
    </ClCompile>
    <ClCompile Include="src\entity\IUpdatableEntityAxis.cpp">
      <Filter>Source Files</Filter>
    </ClCompile>
    <ClCompile Include="src\entity\IUpdatablePlayerEntity.cpp">
      <Filter>Source Files</Filter>
    </ClCompile>
    <ClCompile Include="src\entity\PlayerMovementAxis.cpp">
      <Filter>Source Files</Filter>
    </ClCompile>
    <ClCompile Include="src\entity\IPlayerMovementAxis.cpp">
      <Filter>Source Files</Filter>
    </ClCompile>
    <ClCompile Include="src\state_machine\INode.cpp">
      <Filter>Source Files</Filter>
    </ClCompile>
    <ClCompile Include="src\state_machine\Node.cpp">
      <Filter>Source Files</Filter>
    </ClCompile>
    <ClCompile Include="src\state_machine\IStateMachine.cpp">
      <Filter>Source Files</Filter>
    </ClCompile>
    <ClCompile Include="src\state_machine\StateMachine.cpp">
      <Filter>Source Files</Filter>
    </ClCompile>
    <ClCompile Include="src\entity\UpdatePlayer.cpp">
      <Filter>Source Files</Filter>
    </ClCompile>
    <ClCompile Include="src\entity\util\PlayerUpdateUtils.cpp">
      <Filter>Source Files</Filter>
    </ClCompile>
  </ItemGroup>
</Project>