<?xml version="1.0" encoding="utf-8"?>
<Project ToolsVersion="4.0" xmlns="http://schemas.microsoft.com/developer/msbuild/2003">
  <ItemGroup>
    <Filter Include="Source Files">
      <UniqueIdentifier>{4FC737F1-C7A5-4376-A066-2A32D752A2FF}</UniqueIdentifier>
      <Extensions>cpp;c;cc;cxx;def;odl;idl;hpj;bat;asm;asmx</Extensions>
    </Filter>
    <Filter Include="Header Files">
      <UniqueIdentifier>{93995380-89BD-4b04-88EB-625FBE52EBFB}</UniqueIdentifier>
      <Extensions>h;hh;hpp;hxx;hm;inl;inc;ipp;xsd</Extensions>
    </Filter>
    <Filter Include="Resource Files">
      <UniqueIdentifier>{67DA6AB6-F800-4c08-8B7A-83BB121AAD01}</UniqueIdentifier>
      <Extensions>rc;ico;cur;bmp;dlg;rc2;rct;bin;rgs;gif;jpg;jpeg;jpe;resx;tiff;tif;png;wav;mfcribbon-ms</Extensions>
    </Filter>
  </ItemGroup>
  <ItemGroup>
    <ClInclude Include="framework.h">
      <Filter>Header Files</Filter>
    </ClInclude>
    <ClInclude Include="pch.h">
      <Filter>Header Files</Filter>
    </ClInclude>
    <ClInclude Include="include\field\FieldLayerHelper.h">
      <Filter>Header Files</Filter>
    </ClInclude>
    <ClInclude Include="include\field\FieldSpriteType.h">
      <Filter>Header Files</Filter>
    </ClInclude>
    <ClInclude Include="include\field\FieldLayer.h">
      <Filter>Header Files</Filter>
    </ClInclude>
    <ClInclude Include="include\field\FieldSpriteOrientation.h">
      <Filter>Header Files</Filter>
    </ClInclude>
    <ClInclude Include="include\field\FieldSpriteDescription.h">
      <Filter>Header Files</Filter>
    </ClInclude>
    <ClInclude Include="include\field\FieldSpriteValues.h">
      <Filter>Header Files</Filter>
    </ClInclude>
    <ClInclude Include="include\field\FieldLayerSpriteDescription.h">
      <Filter>Header Files</Filter>
    </ClInclude>
    <ClInclude Include="include\field\EnumClassHash.h">
      <Filter>Header Files</Filter>
    </ClInclude>
    <ClInclude Include="include\IRenderLayer.h">
      <Filter>Header Files</Filter>
    </ClInclude>
    <ClInclude Include="include\entity\PlayerLayer.h">
      <Filter>Header Files</Filter>
    </ClInclude>
    <ClInclude Include="include\entity\EntitySpriteValues.h">
      <Filter>Header Files</Filter>
    </ClInclude>
    <ClInclude Include="include\manager\ILayerManager.h">
      <Filter>Header Files</Filter>
    </ClInclude>
    <ClInclude Include="include\manager\LayerManager.h">
      <Filter>Header Files</Filter>
    </ClInclude>
    <ClInclude Include="include\manager\LayerManagerFactory.h">
      <Filter>Header Files</Filter>
    </ClInclude>
    <ClInclude Include="include\entity\PlayerMovementAnimation.h">
      <Filter>Header Files</Filter>
    </ClInclude>
    <ClInclude Include="include\objects\ObjectSpriteValues.h">
      <Filter>Header Files</Filter>
    </ClInclude>
    <ClInclude Include="include\objects\ObjectLayer.h">
      <Filter>Header Files</Filter>
    </ClInclude>
    <ClInclude Include="include\objects\ObjectRenderers\IObjectRenderer.h">
      <Filter>Header Files</Filter>
    </ClInclude>
    <ClInclude Include="include\objects\ObjectRenderers\SmallDotRenderer.h">
      <Filter>Header Files</Filter>
    </ClInclude>
    <ClInclude Include="include\objects\ObjectRenderers\BigDotRenderer.h">
      <Filter>Header Files</Filter>
    </ClInclude>
    <ClInclude Include="include\CommonSpriteValues.h">
      <Filter>Header Files</Filter>
    </ClInclude>
  </ItemGroup>
  <ItemGroup>
    <ClCompile Include="pch.cpp">
      <Filter>Source Files</Filter>
    </ClCompile>
    <ClCompile Include="src\field\FieldLayerHelper.cpp">
      <Filter>Source Files</Filter>
    </ClCompile>
    <ClCompile Include="src\field\FieldLayerHelper.FieldValueToSpriteType.cpp">
      <Filter>Source Files</Filter>
    </ClCompile>
    <ClCompile Include="src\field\FieldLayer.cpp">
      <Filter>Source Files</Filter>
    </ClCompile>
    <ClCompile Include="src\entity\PlayerLayer.cpp">
      <Filter>Source Files</Filter>
    </ClCompile>
    <ClCompile Include="src\manager\LayerManager.cpp">
      <Filter>Source Files</Filter>
    </ClCompile>
    <ClCompile Include="src\manager\LayerManagerFactory.cpp">
      <Filter>Source Files</Filter>
    </ClCompile>
    <ClCompile Include="src\objects\ObjectLayer.cpp">
      <Filter>Source Files</Filter>
    </ClCompile>
    <ClCompile Include="src\objects\ObjectRenderers\BigDotRenderer.cpp">
      <Filter>Source Files</Filter>
    </ClCompile>
    <ClCompile Include="src\objects\ObjectRenderers\SmallDotRenderer.cpp">
      <Filter>Source Files</Filter>
    </ClCompile>
  </ItemGroup>
</Project>