<?xml version="1.0" encoding="utf-8"?>
<Project ToolsVersion="4.0" xmlns="http://schemas.microsoft.com/developer/msbuild/2003">
  <ItemGroup>
    <Filter Include="Source Files">
      <UniqueIdentifier>{4FC737F1-C7A5-4376-A066-2A32D752A2FF}</UniqueIdentifier>
      <Extensions>cpp;c;cc;cxx;def;odl;idl;hpj;bat;asm;asmx</Extensions>
    </Filter>
    <Filter Include="Header Files">
      <UniqueIdentifier>{93995380-89BD-4b04-88EB-625FBE52EBFB}</UniqueIdentifier>
      <Extensions>h;hh;hpp;hxx;hm;inl;inc;ipp;xsd</Extensions>
    </Filter>
    <Filter Include="Resource Files">
      <UniqueIdentifier>{67DA6AB6-F800-4c08-8B7A-83BB121AAD01}</UniqueIdentifier>
      <Extensions>rc;ico;cur;bmp;dlg;rc2;rct;bin;rgs;gif;jpg;jpeg;jpe;resx;tiff;tif;png;wav;mfcribbon-ms</Extensions>
    </Filter>
  </ItemGroup>
  <ItemGroup>
    <ClInclude Include="framework.h">
      <Filter>Header Files</Filter>
    </ClInclude>
    <ClInclude Include="pch.h">
      <Filter>Header Files</Filter>
    </ClInclude>
    <ClInclude Include="include\field\FieldLayerHelper.h">
      <Filter>Header Files</Filter>
    </ClInclude>
    <ClInclude Include="include\field\FieldSpriteType.h">
      <Filter>Header Files</Filter>
    </ClInclude>
    <ClInclude Include="include\field\FieldLayer.h">
      <Filter>Header Files</Filter>
    </ClInclude>
    <ClInclude Include="include\field\FieldSpriteOrientation.h">
      <Filter>Header Files</Filter>
    </ClInclude>
    <ClInclude Include="include\field\FieldSpriteDescription.h">
      <Filter>Header Files</Filter>
    </ClInclude>
    <ClInclude Include="include\field\FieldSpriteValues.h">
      <Filter>Header Files</Filter>
    </ClInclude>
    <ClInclude Include="include\field\FieldLayerSpriteDescription.h">
      <Filter>Header Files</Filter>
    </ClInclude>
    <ClInclude Include="include\IRenderLayer.h">
      <Filter>Header Files</Filter>
    </ClInclude>
    <ClInclude Include="include\entity\PlayerLayer.h">
      <Filter>Header Files</Filter>
    </ClInclude>
    <ClInclude Include="include\entity\EntitySpriteValues.h">
      <Filter>Header Files</Filter>
    </ClInclude>
    <ClInclude Include="include\manager\ILayerManager.h">
      <Filter>Header Files</Filter>
    </ClInclude>
    <ClInclude Include="include\manager\LayerManager.h">
      <Filter>Header Files</Filter>
    </ClInclude>
    <ClInclude Include="include\manager\LayerManagerFactory.h">
      <Filter>Header Files</Filter>
    </ClInclude>
    <ClInclude Include="include\entity\PlayerMovementAnimation.h">
      <Filter>Header Files</Filter>
    </ClInclude>
    <ClInclude Include="include\objects\ObjectSpriteValues.h">
      <Filter>Header Files</Filter>
    </ClInclude>
    <ClInclude Include="include\objects\ObjectLayer.h">
      <Filter>Header Files</Filter>
    </ClInclude>
    <ClInclude Include="include\objects\ObjectRenderers\IObjectRenderer.h">
      <Filter>Header Files</Filter>
    </ClInclude>
    <ClInclude Include="include\objects\ObjectRenderers\SmallDotRenderer.h">
      <Filter>Header Files</Filter>
    </ClInclude>
    <ClInclude Include="include\objects\ObjectRenderers\BigDotRenderer.h">
      <Filter>Header Files</Filter>
    </ClInclude>
    <ClInclude Include="include\CommonSpriteValues.h">
      <Filter>Header Files</Filter>
    </ClInclude>
    <ClInclude Include="include\ui\font\IGlyphRenderer.h">
      <Filter>Header Files</Filter>
    </ClInclude>
    <ClInclude Include="include\ui\font\GlyphRenderer.h">
      <Filter>Header Files</Filter>
    </ClInclude>
    <ClInclude Include="include\ui\UISpriteValues.h">
      <Filter>Header Files</Filter>
    </ClInclude>
    <ClInclude Include="include\ui\font\IStringRenderer.h">
      <Filter>Header Files</Filter>
    </ClInclude>
    <ClInclude Include="include\ui\font\StringRenderer.h">
      <Filter>Header Files</Filter>
    </ClInclude>
    <ClInclude Include="include\ui\UILayer.h">
      <Filter>Header Files</Filter>
    </ClInclude>
    <ClInclude Include="include\ui\font\Justification.h">
      <Filter>Header Files</Filter>
    </ClInclude>
    <ClInclude Include="include\ui\font\IStringRenderData.h">
      <Filter>Header Files</Filter>
    </ClInclude>
    <ClInclude Include="include\ui\font\StaticStringRenderData.h">
      <Filter>Header Files</Filter>
    </ClInclude>
    <ClInclude Include="include\ui\UILayerFactory.h">
      <Filter>Header Files</Filter>
    </ClInclude>
    <ClInclude Include="include\ui\font\ScoreBoardStringRenderData.h">
      <Filter>Header Files</Filter>
    </ClInclude>
    <ClInclude Include="include\objects\ObjectRenderers\BonusFruitRenderer.h">
      <Filter>Header Files</Filter>
    </ClInclude>
    <ClInclude Include="include\entity\IRenderEntity.h">
      <Filter>Header Files</Filter>
    </ClInclude>
    <ClInclude Include="include\entity\EntityLayer.h">
      <Filter>Header Files</Filter>
    </ClInclude>
    <ClInclude Include="include\entity\render\GetDirectionContainer.h">
      <Filter>Header Files</Filter>
    </ClInclude>
    <ClInclude Include="include\entity\render\GetAxiiContainer.h">
      <Filter>Header Files</Filter>
    </ClInclude>
    <ClInclude Include="include\entity\render\IAnimationPositionProvider.h">
      <Filter>Header Files</Filter>
    </ClInclude>
    <ClInclude Include="include\entity\render\AnimationPositionProvider.h">
      <Filter>Header Files</Filter>
    </ClInclude>
    <ClInclude Include="include\entity\render\IValueProvider.h">
      <Filter>Header Files</Filter>
    </ClInclude>
    <ClInclude Include="include\entity\render\StaticValueProvider.h">
      <Filter>Header Files</Filter>
    </ClInclude>
    <ClInclude Include="include\entity\render\DirectionBasedValueProvider.h">
      <Filter>Header Files</Filter>
    </ClInclude>
    <ClInclude Include="include\entity\render\EntityRenderConfig.h">
      <Filter>Header Files</Filter>
    </ClInclude>
    <ClInclude Include="include\entity\RenderEntity.h">
      <Filter>Header Files</Filter>
    </ClInclude>
    <ClInclude Include="include\entity\animation\ActiveInverseAnimationUpdateBehaviour.h">
      <Filter>Header Files</Filter>
    </ClInclude>
    <ClInclude Include="include\entity\animation\StaticAnimationUpdateBehaviour.h">
      <Filter>Header Files</Filter>
    </ClInclude>
    <ClInclude Include="include\entity\animation\IAnimationUpdateBehaviour.h">
      <Filter>Header Files</Filter>
    </ClInclude>
    <ClInclude Include="include\entity\animation\SpriteRenderConfig.h">
      <Filter>Header Files</Filter>
    </ClInclude>
  </ItemGroup>
  <ItemGroup>
    <ClCompile Include="pch.cpp">
      <Filter>Source Files</Filter>
    </ClCompile>
    <ClCompile Include="src\field\FieldLayerHelper.cpp">
      <Filter>Source Files</Filter>
    </ClCompile>
    <ClCompile Include="src\field\FieldLayerHelper.FieldValueToSpriteType.cpp">
      <Filter>Source Files</Filter>
    </ClCompile>
    <ClCompile Include="src\field\FieldLayer.cpp">
      <Filter>Source Files</Filter>
    </ClCompile>
    <ClCompile Include="src\entity\PlayerLayer.cpp">
      <Filter>Source Files</Filter>
    </ClCompile>
    <ClCompile Include="src\manager\LayerManager.cpp">
      <Filter>Source Files</Filter>
    </ClCompile>
    <ClCompile Include="src\manager\LayerManagerFactory.cpp">
      <Filter>Source Files</Filter>
    </ClCompile>
    <ClCompile Include="src\objects\ObjectLayer.cpp">
      <Filter>Source Files</Filter>
    </ClCompile>
    <ClCompile Include="src\objects\ObjectRenderers\BigDotRenderer.cpp">
      <Filter>Source Files</Filter>
    </ClCompile>
    <ClCompile Include="src\objects\ObjectRenderers\SmallDotRenderer.cpp">
      <Filter>Source Files</Filter>
    </ClCompile>
    <ClCompile Include="src\ui\font\GlyphRenderer.cpp">
      <Filter>Source Files</Filter>
    </ClCompile>
    <ClCompile Include="src\ui\font\StringRenderer.cpp">
      <Filter>Source Files</Filter>
    </ClCompile>
    <ClCompile Include="src\ui\UILayer.cpp">
      <Filter>Source Files</Filter>
    </ClCompile>
    <ClCompile Include="src\ui\font\StaticStringRenderData.cpp">
      <Filter>Source Files</Filter>
    </ClCompile>
    <ClCompile Include="src\ui\UILayerFactory.cpp">
      <Filter>Source Files</Filter>
    </ClCompile>
    <ClCompile Include="src\ui\font\ScoreBoardStringRenderData.cpp">
      <Filter>Source Files</Filter>
    </ClCompile>
    <ClCompile Include="src\objects\ObjectRenderers\BonusFruitRenderer.cpp">
      <Filter>Source Files</Filter>
    </ClCompile>
    <ClCompile Include="src\entity\EntityLayer.cpp">
      <Filter>Source Files</Filter>
    </ClCompile>
    <ClCompile Include="src\entity\render\AnimationPositionProvider.cpp">
      <Filter>Source Files</Filter>
    </ClCompile>
    <ClCompile Include="src\entity\render\StaticValueProvider.cpp">
      <Filter>Source Files</Filter>
    </ClCompile>
    <ClCompile Include="src\entity\render\DirectionBasedValueProvider.cpp">
      <Filter>Source Files</Filter>
    </ClCompile>
    <ClCompile Include="src\entity\render\EntityRenderConfig.cpp">
      <Filter>Source Files</Filter>
    </ClCompile>
    <ClCompile Include="src\entity\RenderEntity.cpp">
      <Filter>Source Files</Filter>
    </ClCompile>
    <ClCompile Include="src\entity\animation\ActiveInverseAnimationUpdateBehaviour.cpp">
      <Filter>Source Files</Filter>
    </ClCompile>
    <ClCompile Include="src\entity\animation\StaticAnimationUpdateBehaviour.cpp">
      <Filter>Source Files</Filter>
    </ClCompile>
  </ItemGroup>
</Project>