<?xml version="1.0" encoding="utf-8"?>
<Project ToolsVersion="4.0" xmlns="http://schemas.microsoft.com/developer/msbuild/2003">
  <ItemGroup>
    <Filter Include="Source Files">
      <UniqueIdentifier>{4FC737F1-C7A5-4376-A066-2A32D752A2FF}</UniqueIdentifier>
      <Extensions>cpp;c;cc;cxx;def;odl;idl;hpj;bat;asm;asmx</Extensions>
    </Filter>
    <Filter Include="Header Files">
      <UniqueIdentifier>{93995380-89BD-4b04-88EB-625FBE52EBFB}</UniqueIdentifier>
      <Extensions>h;hh;hpp;hxx;hm;inl;inc;ipp;xsd</Extensions>
    </Filter>
    <Filter Include="Resource Files">
      <UniqueIdentifier>{67DA6AB6-F800-4c08-8B7A-83BB121AAD01}</UniqueIdentifier>
      <Extensions>rc;ico;cur;bmp;dlg;rc2;rct;bin;rgs;gif;jpg;jpeg;jpe;resx;tiff;tif;png;wav;mfcribbon-ms</Extensions>
    </Filter>
  </ItemGroup>
  <ItemGroup>
    <ClInclude Include="stdafx.h">
      <Filter>Header Files</Filter>
    </ClInclude>
    <ClInclude Include="targetver.h">
      <Filter>Header Files</Filter>
    </ClInclude>
    <ClInclude Include="include\ICommand.h">
      <Filter>Header Files</Filter>
    </ClInclude>
    <ClInclude Include="include\manager\IControllerManager.h">
      <Filter>Header Files</Filter>
    </ClInclude>
    <ClInclude Include="include\event\IEventVisitor.h">
      <Filter>Header Files</Filter>
    </ClInclude>
    <ClInclude Include="include\event\IEvent.h">
      <Filter>Header Files</Filter>
    </ClInclude>
    <ClInclude Include="include\keyboard\Scancode.h">
      <Filter>Header Files</Filter>
    </ClInclude>
    <ClInclude Include="include\event\IEventParser.h">
      <Filter>Header Files</Filter>
    </ClInclude>
    <ClInclude Include="include\event\EventParser.h">
      <Filter>Header Files</Filter>
    </ClInclude>
    <ClInclude Include="include\event\KeyboardEvent.h">
      <Filter>Header Files</Filter>
    </ClInclude>
    <ClInclude Include="include\event\IKeyboardEvent.h">
      <Filter>Header Files</Filter>
    </ClInclude>
    <ClInclude Include="include\event\IMouseEvent.h">
      <Filter>Header Files</Filter>
    </ClInclude>
    <ClInclude Include="include\event\ISystemEvent.h">
      <Filter>Header Files</Filter>
    </ClInclude>
    <ClInclude Include="include\event\IEventGenerator.h">
      <Filter>Header Files</Filter>
    </ClInclude>
    <ClInclude Include="include\event\EventGeneratorHelper.h">
      <Filter>Header Files</Filter>
    </ClInclude>
    <ClInclude Include="include\event\SystemEvent.h">
      <Filter>Header Files</Filter>
    </ClInclude>
    <ClInclude Include="include\keyboard\ScancodeConverter.h">
      <Filter>Header Files</Filter>
    </ClInclude>
    <ClInclude Include="include\event\EventGenerator.h">
      <Filter>Header Files</Filter>
    </ClInclude>
    <ClInclude Include="include\event\IEventStore.h">
      <Filter>Header Files</Filter>
    </ClInclude>
    <ClInclude Include="include\event\EventStore.h">
      <Filter>Header Files</Filter>
    </ClInclude>
    <ClInclude Include="include\system\SystemCommandManager.h">
      <Filter>Header Files</Filter>
    </ClInclude>
    <ClInclude Include="include\system\ISystemCommandManager.h">
      <Filter>Header Files</Filter>
    </ClInclude>
    <ClInclude Include="include\keyboard\KBCommandManager.h">
      <Filter>Header Files</Filter>
    </ClInclude>
    <ClInclude Include="include\keyboard\IKBCommandManager.h">
      <Filter>Header Files</Filter>
    </ClInclude>
    <ClInclude Include="include\manager\ControllerManager.h">
      <Filter>Header Files</Filter>
    </ClInclude>
  </ItemGroup>
  <ItemGroup>
    <ClCompile Include="stdafx.cpp">
      <Filter>Source Files</Filter>
    </ClCompile>
    <ClCompile Include="PacManController.cpp">
      <Filter>Source Files</Filter>
    </ClCompile>
    <ClCompile Include="dllmain.cpp">
      <Filter>Source Files</Filter>
    </ClCompile>
    <ClCompile Include="src\event\EventParser.cpp">
      <Filter>Source Files</Filter>
    </ClCompile>
    <ClCompile Include="src\event\IEventParser.cpp">
      <Filter>Source Files</Filter>
    </ClCompile>
    <ClCompile Include="src\event\EventGeneratorHelper.cpp">
      <Filter>Source Files</Filter>
    </ClCompile>
    <ClCompile Include="src\event\KeyboardEvent.cpp">
      <Filter>Source Files</Filter>
    </ClCompile>
    <ClCompile Include="src\keyboard\ScancodeConverter.cpp">
      <Filter>Source Files</Filter>
    </ClCompile>
    <ClCompile Include="src\event\SystemEvent.cpp">
      <Filter>Source Files</Filter>
    </ClCompile>
    <ClCompile Include="src\event\EventGenerator.cpp">
      <Filter>Source Files</Filter>
    </ClCompile>
    <ClCompile Include="src\event\EventStore.cpp">
      <Filter>Source Files</Filter>
    </ClCompile>
    <ClCompile Include="src\event\IEventStore.cpp">
      <Filter>Source Files</Filter>
    </ClCompile>
    <ClCompile Include="src\system\SystemCommandManager.cpp">
      <Filter>Source Files</Filter>
    </ClCompile>
    <ClCompile Include="src\system\ISystemCommandManager.cpp">
      <Filter>Source Files</Filter>
    </ClCompile>
    <ClCompile Include="src\keyboard\KBCommandManager.cpp">
      <Filter>Source Files</Filter>
    </ClCompile>
    <ClCompile Include="src\keyboard\IKBCommandManager.cpp">
      <Filter>Source Files</Filter>
    </ClCompile>
    <ClCompile Include="src\manager\ControllerManager.cpp">
      <Filter>Source Files</Filter>
    </ClCompile>
  </ItemGroup>
</Project>